
Microsoft Visual Studio Solution File, Format Version 12.00
# Visual Studio Version 17
VisualStudioVersion = 17.3.32819.101
MinimumVisualStudioVersion = 10.0.40219.1
Project("{FAE04EC0-301F-11D3-BF4B-00C04F79EFBC}") = "ACT7_Course", "ACT7_Course\ACT7_Course.csproj", "{D6C37FE4-F6C0-40B9-9299-0E47715EB9AA}"
EndProject
Global
	GlobalSection(SolutionConfigurationPlatforms) = preSolution
		Debug|Any CPU = Debug|Any CPU
		Release|Any CPU = Release|Any CPU
	EndGlobalSection
	GlobalSection(ProjectConfigurationPlatforms) = postSolution
		{D6C37FE4-F6C0-40B9-9299-0E47715EB9AA}.Debug|Any CPU.ActiveCfg = Debug|Any CPU
		{D6C37FE4-F6C0-40B9-9299-0E47715EB9AA}.Debug|Any CPU.Build.0 = Debug|Any CPU
		{D6C37FE4-F6C0-40B9-9299-0E47715EB9AA}.Release|Any CPU.ActiveCfg = Release|Any CPU
		{D6C37FE4-F6C0-40B9-9299-0E47715EB9AA}.Release|Any CPU.Build.0 = Release|Any CPU
	EndGlobalSection
	GlobalSection(SolutionProperties) = preSolution
		HideSolutionNode = FALSE
	EndGlobalSection
	GlobalSection(ExtensibilityGlobals) = postSolution
		SolutionGuid = {FA4944F9-980A-4FAC-9479-F733E23A98B9}
	EndGlobalSection
EndGlobal
