
Microsoft Visual Studio Solution File, Format Version 12.00
# Visual Studio Version 16
VisualStudioVersion = 16.0.32602.291
MinimumVisualStudioVersion = 10.0.40219.1
Project("{FAE04EC0-301F-11D3-BF4B-00C04F79EFBC}") = "P622_I1_Arthur", "P622_I1_Arthur\P622_I1_Arthur.csproj", "{32239E52-3C0F-4B32-9AAF-2F2D4BF7F940}"
EndProject
Global
	GlobalSection(SolutionConfigurationPlatforms) = preSolution
		Debug|Any CPU = Debug|Any CPU
		Release|Any CPU = Release|Any CPU
	EndGlobalSection
	GlobalSection(ProjectConfigurationPlatforms) = postSolution
		{32239E52-3C0F-4B32-9AAF-2F2D4BF7F940}.Debug|Any CPU.ActiveCfg = Debug|Any CPU
		{32239E52-3C0F-4B32-9AAF-2F2D4BF7F940}.Debug|Any CPU.Build.0 = Debug|Any CPU
		{32239E52-3C0F-4B32-9AAF-2F2D4BF7F940}.Release|Any CPU.ActiveCfg = Release|Any CPU
		{32239E52-3C0F-4B32-9AAF-2F2D4BF7F940}.Release|Any CPU.Build.0 = Release|Any CPU
	EndGlobalSection
	GlobalSection(SolutionProperties) = preSolution
		HideSolutionNode = FALSE
	EndGlobalSection
	GlobalSection(ExtensibilityGlobals) = postSolution
		SolutionGuid = {6BCC50D0-CB43-42B8-A473-389E57D29612}
	EndGlobalSection
EndGlobal
