
Microsoft Visual Studio Solution File, Format Version 12.00
# Visual Studio Version 16
VisualStudioVersion = 16.0.32602.291
MinimumVisualStudioVersion = 10.0.40219.1
Project("{FAE04EC0-301F-11D3-BF4B-00C04F79EFBC}") = "ACT5_2CalculMental", "ACT5_2CalculMental\ACT5_2CalculMental.csproj", "{265B5AE6-D645-4994-8AAC-638D3AA1B7B4}"
EndProject
Global
	GlobalSection(SolutionConfigurationPlatforms) = preSolution
		Debug|Any CPU = Debug|Any CPU
		Release|Any CPU = Release|Any CPU
	EndGlobalSection
	GlobalSection(ProjectConfigurationPlatforms) = postSolution
		{265B5AE6-D645-4994-8AAC-638D3AA1B7B4}.Debug|Any CPU.ActiveCfg = Debug|Any CPU
		{265B5AE6-D645-4994-8AAC-638D3AA1B7B4}.Debug|Any CPU.Build.0 = Debug|Any CPU
		{265B5AE6-D645-4994-8AAC-638D3AA1B7B4}.Release|Any CPU.ActiveCfg = Release|Any CPU
		{265B5AE6-D645-4994-8AAC-638D3AA1B7B4}.Release|Any CPU.Build.0 = Release|Any CPU
	EndGlobalSection
	GlobalSection(SolutionProperties) = preSolution
		HideSolutionNode = FALSE
	EndGlobalSection
	GlobalSection(ExtensibilityGlobals) = postSolution
		SolutionGuid = {279DF2C8-5354-4DFC-943A-2F033F701BB6}
	EndGlobalSection
EndGlobal
