
Microsoft Visual Studio Solution File, Format Version 12.00
# Visual Studio Version 16
VisualStudioVersion = 16.0.32602.291
MinimumVisualStudioVersion = 10.0.40219.1
Project("{FAE04EC0-301F-11D3-BF4B-00C04F79EFBC}") = "ACT0_ex1", "ACT0_ex1\ACT0_ex1.csproj", "{ADDAE9D2-3CF9-445D-A79D-A510B2A56915}"
EndProject
Global
	GlobalSection(SolutionConfigurationPlatforms) = preSolution
		Debug|Any CPU = Debug|Any CPU
		Release|Any CPU = Release|Any CPU
	EndGlobalSection
	GlobalSection(ProjectConfigurationPlatforms) = postSolution
		{ADDAE9D2-3CF9-445D-A79D-A510B2A56915}.Debug|Any CPU.ActiveCfg = Debug|Any CPU
		{ADDAE9D2-3CF9-445D-A79D-A510B2A56915}.Debug|Any CPU.Build.0 = Debug|Any CPU
		{ADDAE9D2-3CF9-445D-A79D-A510B2A56915}.Release|Any CPU.ActiveCfg = Release|Any CPU
		{ADDAE9D2-3CF9-445D-A79D-A510B2A56915}.Release|Any CPU.Build.0 = Release|Any CPU
	EndGlobalSection
	GlobalSection(SolutionProperties) = preSolution
		HideSolutionNode = FALSE
	EndGlobalSection
	GlobalSection(ExtensibilityGlobals) = postSolution
		SolutionGuid = {E4D85B68-E842-4F4C-939C-7A104A8246C6}
	EndGlobalSection
EndGlobal
