
Microsoft Visual Studio Solution File, Format Version 12.00
# Visual Studio Version 16
VisualStudioVersion = 16.0.32602.291
MinimumVisualStudioVersion = 10.0.40219.1
Project("{FAE04EC0-301F-11D3-BF4B-00C04F79EFBC}") = "ChienPOO", "ChienPOO\ChienPOO.csproj", "{59BAD6E0-F8D2-4E03-877E-B950FB23855C}"
EndProject
Global
	GlobalSection(SolutionConfigurationPlatforms) = preSolution
		Debug|Any CPU = Debug|Any CPU
		Release|Any CPU = Release|Any CPU
	EndGlobalSection
	GlobalSection(ProjectConfigurationPlatforms) = postSolution
		{59BAD6E0-F8D2-4E03-877E-B950FB23855C}.Debug|Any CPU.ActiveCfg = Debug|Any CPU
		{59BAD6E0-F8D2-4E03-877E-B950FB23855C}.Debug|Any CPU.Build.0 = Debug|Any CPU
		{59BAD6E0-F8D2-4E03-877E-B950FB23855C}.Release|Any CPU.ActiveCfg = Release|Any CPU
		{59BAD6E0-F8D2-4E03-877E-B950FB23855C}.Release|Any CPU.Build.0 = Release|Any CPU
	EndGlobalSection
	GlobalSection(SolutionProperties) = preSolution
		HideSolutionNode = FALSE
	EndGlobalSection
	GlobalSection(ExtensibilityGlobals) = postSolution
		SolutionGuid = {D77B6612-02EC-4870-A94F-85B9098220A3}
	EndGlobalSection
EndGlobal
