
Microsoft Visual Studio Solution File, Format Version 12.00
# Visual Studio Version 16
VisualStudioVersion = 16.0.32602.291
MinimumVisualStudioVersion = 10.0.40219.1
Project("{FAE04EC0-301F-11D3-BF4B-00C04F79EFBC}") = "Act8_Guichet", "Act8_Guichet\Act8_Guichet.csproj", "{456907E8-9C4B-421B-B037-15D55F4E5DC9}"
EndProject
Global
	GlobalSection(SolutionConfigurationPlatforms) = preSolution
		Debug|Any CPU = Debug|Any CPU
		Release|Any CPU = Release|Any CPU
	EndGlobalSection
	GlobalSection(ProjectConfigurationPlatforms) = postSolution
		{456907E8-9C4B-421B-B037-15D55F4E5DC9}.Debug|Any CPU.ActiveCfg = Debug|Any CPU
		{456907E8-9C4B-421B-B037-15D55F4E5DC9}.Debug|Any CPU.Build.0 = Debug|Any CPU
		{456907E8-9C4B-421B-B037-15D55F4E5DC9}.Release|Any CPU.ActiveCfg = Release|Any CPU
		{456907E8-9C4B-421B-B037-15D55F4E5DC9}.Release|Any CPU.Build.0 = Release|Any CPU
	EndGlobalSection
	GlobalSection(SolutionProperties) = preSolution
		HideSolutionNode = FALSE
	EndGlobalSection
	GlobalSection(ExtensibilityGlobals) = postSolution
		SolutionGuid = {0F95894C-D32A-46B8-98AB-DE39ED9BDEF4}
	EndGlobalSection
EndGlobal
